
Microsoft Visual Studio Solution File, Format Version 12.00
# Visual Studio Version 17
VisualStudioVersion = 17.8.34309.116
MinimumVisualStudioVersion = 10.0.40219.1
Project("{FAE04EC0-301F-11D3-BF4B-00C04F79EFBC}") = "E-Study", "E-Study\E-Study.csproj", "{DB827502-F11A-4BA0-A294-B57BDD3CDF4A}"
EndProject
Project("{FAE04EC0-301F-11D3-BF4B-00C04F79EFBC}") = "E-Study_test", "E-Study_test\E-Study_test.csproj", "{D9518127-AB61-4B1D-BFEA-5620DE3DB5DA}"
EndProject
Global
	GlobalSection(SolutionConfigurationPlatforms) = preSolution
		Debug|Any CPU = Debug|Any CPU
		Release|Any CPU = Release|Any CPU
	EndGlobalSection
	GlobalSection(ProjectConfigurationPlatforms) = postSolution
		{DB827502-F11A-4BA0-A294-B57BDD3CDF4A}.Debug|Any CPU.ActiveCfg = Debug|Any CPU
		{DB827502-F11A-4BA0-A294-B57BDD3CDF4A}.Debug|Any CPU.Build.0 = Debug|Any CPU
		{DB827502-F11A-4BA0-A294-B57BDD3CDF4A}.Release|Any CPU.ActiveCfg = Release|Any CPU
		{DB827502-F11A-4BA0-A294-B57BDD3CDF4A}.Release|Any CPU.Build.0 = Release|Any CPU
		{D9518127-AB61-4B1D-BFEA-5620DE3DB5DA}.Debug|Any CPU.ActiveCfg = Debug|Any CPU
		{D9518127-AB61-4B1D-BFEA-5620DE3DB5DA}.Debug|Any CPU.Build.0 = Debug|Any CPU
		{D9518127-AB61-4B1D-BFEA-5620DE3DB5DA}.Release|Any CPU.ActiveCfg = Release|Any CPU
		{D9518127-AB61-4B1D-BFEA-5620DE3DB5DA}.Release|Any CPU.Build.0 = Release|Any CPU
	EndGlobalSection
	GlobalSection(SolutionProperties) = preSolution
		HideSolutionNode = FALSE
	EndGlobalSection
	GlobalSection(ExtensibilityGlobals) = postSolution
		SolutionGuid = {25235949-1ABF-4010-B687-2394A90DF9B8}
	EndGlobalSection
EndGlobal
